aiohappyeyeballs==2.6.1
aiohttp==3.13.3
aiosignal==1.4.0
altair==6.0.0
annotated-doc==0.0.4
annotated-types==0.7.0
anthropic==0.84.0
anyio==4.12.1
APScheduler==3.11.2
asyncpg==0.31.0
attrs==25.4.0
beautifulsoup4==4.14.3
bitarray==3.8.0
blinker==1.9.0
cachetools==4.2.1
catboost==1.2.10
causal-learn==0.1.4.4
certifi==2026.2.25
cffi==2.0.0
charset-normalizer==3.4.4
ckzg==2.1.6
click==8.3.1
contourpy==1.3.3
coverage==7.13.4
cryptography==46.0.5
cuda-bindings==12.9.4
cuda-pathfinder==1.4.0
cycler==0.12.1
cytoolz==1.1.0
distro==1.9.0
docstring_parser==0.17.0
drain3==0.9.11
eth-account==0.13.7
eth-hash==0.7.1
eth-keyfile==0.8.1
eth-keys==0.7.0
eth-rlp==2.2.0
eth-typing==5.2.1
eth-utils==5.3.1
eth_abi==6.0.0b1
feedparser==6.0.12
filelock==3.25.0
fonttools==4.61.1
frozenlist==1.8.0
fsspec==2026.2.0
gitdb==4.0.12
GitPython==3.1.46
google-ai-generativelanguage==0.6.15
google-api-core==2.30.0
google-api-python-client==2.190.0
google-auth==2.49.0.dev0
google-auth-httplib2==0.3.0
google-generativeai==0.8.6
googleapis-common-protos==1.72.0
graphviz==0.21
greenlet==3.3.2
grpcio==1.78.0
grpcio-status==1.71.2
h11==0.16.0
h2==4.3.0
hexbytes==1.3.1
hf-xet==1.3.2
hiredis==3.3.0
hpack==4.1.0
httpcore==1.0.9
httplib2==0.31.2
httpx==0.28.1
huggingface_hub==1.5.0
hyperframe==6.1.0
idna==3.11
iniconfig==2.3.0
Jinja2==3.1.6
jiter==0.13.0
joblib==1.5.3
jsonpickle==1.5.1
jsonschema==4.26.0
jsonschema-specifications==2025.9.1
kiwisolver==1.4.9
lightgbm==4.6.0
lxml==6.0.2
MAPIE==1.3.0
markdown-it-py==4.0.0
MarkupSafe==3.0.3
matplotlib==3.10.8
mdurl==0.1.2
momentchi2==0.1.8
mpmath==1.3.0
multidict==6.7.1
narwhals==2.17.0
nest-asyncio==1.6.0
networkx==3.6.1
numpy==2.4.2
nvidia-cublas-cu12==12.8.4.1
nvidia-cuda-cupti-cu12==12.8.90
nvidia-cuda-nvrtc-cu12==12.8.93
nvidia-cuda-runtime-cu12==12.8.90
nvidia-cudnn-cu12==9.10.2.21
nvidia-cufft-cu12==11.3.3.83
nvidia-cufile-cu12==1.13.1.3
nvidia-curand-cu12==10.3.9.90
nvidia-cusolver-cu12==11.7.3.90
nvidia-cusparse-cu12==12.5.8.93
nvidia-cusparselt-cu12==0.7.1
nvidia-nccl-cu12==2.27.5
nvidia-nvjitlink-cu12==12.8.93
nvidia-nvshmem-cu12==3.4.5
nvidia-nvtx-cu12==12.8.90
openai==2.24.0
orjson==3.11.7
packaging==26.0
pandas==2.3.3
parsimonious==0.10.0
patsy==1.0.2
pillow==12.1.1
plotly==6.5.2
pluggy==1.6.0
poly_eip712_structs==0.0.1
prometheus_client==0.24.1
propcache==0.4.1
proto-plus==1.27.1
protobuf==5.29.6
psutil==7.2.2
psycopg2-binary==2.9.11
py-ecc==8.0.0
py_builder_signing_sdk==0.0.2
py_clob_client==0.34.6
py_order_utils==0.3.2
pyarrow==23.0.1
pyasn1==0.6.2
pyasn1_modules==0.4.2
pycparser==3.0
pycryptodome==3.23.0
pydantic==2.12.5
pydantic-settings==2.13.1
pydantic_core==2.41.5
pydeck==0.9.1
pydot==4.0.1
Pygments==2.19.2
pyparsing==3.3.2
pytest==9.0.2
pytest-asyncio==1.3.0
pytest-cov==7.0.0
pytest-timeout==2.4.0
python-dateutil==2.9.0.post0
python-dotenv==1.2.1
python-socks==2.8.1
python-telegram-bot==22.6
pytrends==4.9.2
pytz==2025.2
pyunormalize==17.0.0
PyYAML==6.0.3
redis==7.2.1
referencing==0.37.0
regex==2026.2.28
requests==2.32.5
rich==14.3.3
river==0.23.0
rlp==4.1.0
rpds-py==0.30.0
safetensors==0.7.0
scikit-learn==1.8.0
scipy==1.17.1
scoringrules==0.9.0
sentence-transformers==5.2.3
sentry-sdk==2.53.0
setuptools==82.0.0
sgmllib3k==1.0.0
shellingham==1.5.4
shin==0.2.2
six==1.17.0
smmap==5.0.2
sniffio==1.3.1
soupsieve==2.8.3
SQLAlchemy==2.0.47
statsmodels==0.14.6
streamlit==1.52.2
structlog==25.5.0
sympy==1.14.0
tenacity==9.1.4
threadpoolctl==3.6.0
tokenizers==0.22.2
toml==0.10.2
toolz==1.1.0
torch==2.10.0
tornado==6.5.4
tqdm==4.67.3
transformers==5.2.0
transitions==0.9.3
triton==3.6.0
typer==0.24.1
typer-slim==0.24.0
types-requests==2.32.4.20260107
typing-inspection==0.4.2
typing_extensions==4.15.0
tzdata==2025.3
tzlocal==5.3.1
uritemplate==4.2.0
urllib3==2.6.3
vaderSentiment==3.3.2
watchdog==6.0.0
web3==7.5.0
websockets==16.0
wheel==0.46.3
xgboost==3.2.0
yarl==1.22.0
